
Microsoft Visual Studio Solution File, Format Version 12.00
# Visual Studio Version 16
VisualStudioVersion = 16.0.30907.101
MinimumVisualStudioVersion = 10.0.40219.1
Project("{9A19103F-16F7-4668-BE54-9A1E7A4F7556}") = "interfaces_1", "interfaces_1\interfaces_1.csproj", "{0266250A-0B67-4C7B-89FA-4D61AD8D620C}"
EndProject
Project("{FAE04EC0-301F-11D3-BF4B-00C04F79EFBC}") = "interfaces_2", "interfaces_2\interfaces_2.csproj", "{9DDA0822-563F-4EAF-A42D-76C3EAF098AD}"
EndProject
Project("{FAE04EC0-301F-11D3-BF4B-00C04F79EFBC}") = "interfaces_3", "interfaces_3\interfaces_3.csproj", "{9223A996-0D91-4D5B-A4D1-1BD0D5C02EB0}"
EndProject
Project("{FAE04EC0-301F-11D3-BF4B-00C04F79EFBC}") = "interfaces_4", "interfaces_4\interfaces_4.csproj", "{36984BCB-50C7-4E2C-B917-FCCFDD3173BA}"
EndProject
Global
	GlobalSection(SolutionConfigurationPlatforms) = preSolution
		Debug|Any CPU = Debug|Any CPU
		Release|Any CPU = Release|Any CPU
	EndGlobalSection
	GlobalSection(ProjectConfigurationPlatforms) = postSolution
		{0266250A-0B67-4C7B-89FA-4D61AD8D620C}.Debug|Any CPU.ActiveCfg = Debug|Any CPU
		{0266250A-0B67-4C7B-89FA-4D61AD8D620C}.Debug|Any CPU.Build.0 = Debug|Any CPU
		{0266250A-0B67-4C7B-89FA-4D61AD8D620C}.Release|Any CPU.ActiveCfg = Release|Any CPU
		{0266250A-0B67-4C7B-89FA-4D61AD8D620C}.Release|Any CPU.Build.0 = Release|Any CPU
		{9DDA0822-563F-4EAF-A42D-76C3EAF098AD}.Debug|Any CPU.ActiveCfg = Debug|Any CPU
		{9DDA0822-563F-4EAF-A42D-76C3EAF098AD}.Debug|Any CPU.Build.0 = Debug|Any CPU
		{9DDA0822-563F-4EAF-A42D-76C3EAF098AD}.Release|Any CPU.ActiveCfg = Release|Any CPU
		{9DDA0822-563F-4EAF-A42D-76C3EAF098AD}.Release|Any CPU.Build.0 = Release|Any CPU
		{9223A996-0D91-4D5B-A4D1-1BD0D5C02EB0}.Debug|Any CPU.ActiveCfg = Debug|Any CPU
		{9223A996-0D91-4D5B-A4D1-1BD0D5C02EB0}.Debug|Any CPU.Build.0 = Debug|Any CPU
		{9223A996-0D91-4D5B-A4D1-1BD0D5C02EB0}.Release|Any CPU.ActiveCfg = Release|Any CPU
		{9223A996-0D91-4D5B-A4D1-1BD0D5C02EB0}.Release|Any CPU.Build.0 = Release|Any CPU
		{36984BCB-50C7-4E2C-B917-FCCFDD3173BA}.Debug|Any CPU.ActiveCfg = Debug|Any CPU
		{36984BCB-50C7-4E2C-B917-FCCFDD3173BA}.Debug|Any CPU.Build.0 = Debug|Any CPU
		{36984BCB-50C7-4E2C-B917-FCCFDD3173BA}.Release|Any CPU.ActiveCfg = Release|Any CPU
		{36984BCB-50C7-4E2C-B917-FCCFDD3173BA}.Release|Any CPU.Build.0 = Release|Any CPU
	EndGlobalSection
	GlobalSection(SolutionProperties) = preSolution
		HideSolutionNode = FALSE
	EndGlobalSection
	GlobalSection(ExtensibilityGlobals) = postSolution
		SolutionGuid = {B94480A8-186F-418D-BA20-347D630CCDB7}
	EndGlobalSection
EndGlobal
